// !$*UTF8*$!
{
	archiveVersion = 1;
	classes = {
	};
	objectVersion = 77;
	objects = {

/* Begin PBXContainerItemProxy section */
		9B5809982FB24C0400DF1553 /* PBXContainerItemProxy */ = {
			isa = PBXContainerItemProxy;
			containerPortal = 9B5809802FB24C0300DF1553 /* Project object */;
			proxyType = 1;
			remoteGlobalIDString = 9B5809872FB24C0300DF1553;
			remoteInfo = "Stro Speak";
		};
		9B5809A22FB24C0400DF1553 /* PBXContainerItemProxy */ = {
			isa = PBXContainerItemProxy;
			containerPortal = 9B5809802FB24C0300DF1553 /* Project object */;
			proxyType = 1;
			remoteGlobalIDString = 9B5809872FB24C0300DF1553;
			remoteInfo = "Stro Speak";
		};
/* End PBXContainerItemProxy section */

/* Begin PBXFileReference section */
		9B5809882FB24C0300DF1553 /* Stro Speak.app */ = {isa = PBXFileReference; explicitFileType = wrapper.application; includeInIndex = 0; path = "Stro Speak.app"; sourceTree = BUILT_PRODUCTS_DIR; };
		9B5809972FB24C0400DF1553 /* Stro SpeakTests.xctest */ = {isa = PBXFileReference; explicitFileType = wrapper.cfbundle; includeInIndex = 0; path = "Stro SpeakTests.xctest"; sourceTree = BUILT_PRODUCTS_DIR; };
		9B5809A12FB24C0400DF1553 /* Stro SpeakUITests.xctest */ = {isa = PBXFileReference; explicitFileType = wrapper.cfbundle; includeInIndex = 0; path = "Stro SpeakUITests.xctest"; sourceTree = BUILT_PRODUCTS_DIR; };
/* End PBXFileReference section */

/* Begin PBXFileSystemSynchronizedRootGroup section */
		9B58098A2FB24C0300DF1553 /* Stro Speak */ = {
			isa = PBXFileSystemSynchronizedRootGroup;
			path = "Stro Speak";
			sourceTree = "<group>";
		};
		9B58099A2FB24C0400DF1553 /* Stro SpeakTests */ = {
			isa = PBXFileSystemSynchronizedRootGroup;
			path = "Stro SpeakTests";
			sourceTree = "<group>";
		};
		9B5809A42FB24C0400DF1553 /* Stro SpeakUITests */ = {
			isa = PBXFileSystemSynchronizedRootGroup;
			path = "Stro SpeakUITests";
			sourceTree = "<group>";
		};
/* End PBXFileSystemSynchronizedRootGroup section */

/* Begin PBXFrameworksBuildPhase section */
		9B5809852FB24C0300DF1553 /* Frameworks */ = {
			isa = PBXFrameworksBuildPhase;
			buildActionMask = 2147483647;
			files = (
			);
			runOnlyForDeploymentPostprocessing = 0;
		};
		9B5809942FB24C0400DF1553 /* Frameworks */ = {
			isa = PBXFrameworksBuildPhase;
			buildActionMask = 2147483647;
			files = (
			);
			runOnlyForDeploymentPostprocessing = 0;
		};
		9B58099E2FB24C0400DF1553 /* Frameworks */ = {
			isa = PBXFrameworksBuildPhase;
			buildActionMask = 2147483647;
			files = (
			);
			runOnlyForDeploymentPostprocessing = 0;
		};
/* End PBXFrameworksBuildPhase section */

/* Begin PBXGroup section */
		9B58097F2FB24C0300DF1553 = {
			isa = PBXGroup;
			children = (
				9B58098A2FB24C0300DF1553 /* Stro Speak */,
				9B58099A2FB24C0400DF1553 /* Stro SpeakTests */,
				9B5809A42FB24C0400DF1553 /* Stro SpeakUITests */,
				9B5809892FB24C0300DF1553 /* Products */,
			);
			sourceTree = "<group>";
		};
		9B5809892FB24C0300DF1553 /* Products */ = {
			isa = PBXGroup;
			children = (
				9B5809882FB24C0300DF1553 /* Stro Speak.app */,
				9B5809972FB24C0400DF1553 /* Stro SpeakTests.xctest */,
				9B5809A12FB24C0400DF1553 /* Stro SpeakUITests.xctest */,
			);
			name = Products;
			sourceTree = "<group>";
		};
/* End PBXGroup section */

/* Begin PBXNativeTarget section */
		9B5809872FB24C0300DF1553 /* Stro Speak */ = {
			isa = PBXNativeTarget;
			buildConfigurationList = 9B5809AB2FB24C0400DF1553 /* Build configuration list for PBXNativeTarget "Stro Speak" */;
			buildPhases = (
				9B5809842FB24C0300DF1553 /* Sources */,
				9B5809852FB24C0300DF1553 /* Frameworks */,
				9B5809862FB24C0300DF1553 /* Resources */,
			);
			buildRules = (
			);
			dependencies = (
			);
			fileSystemSynchronizedGroups = (
				9B58098A2FB24C0300DF1553 /* Stro Speak */,
			);
			name = "Stro Speak";
			packageProductDependencies = (
			);
			productName = "Stro Speak";
			productReference = 9B5809882FB24C0300DF1553 /* Stro Speak.app */;
			productType = "com.apple.product-type.application";
		};
		9B5809962FB24C0400DF1553 /* Stro SpeakTests */ = {
			isa = PBXNativeTarget;
			buildConfigurationList = 9B5809AE2FB24C0400DF1553 /* Build configuration list for PBXNativeTarget "Stro SpeakTests" */;
			buildPhases = (
				9B5809932FB24C0400DF1553 /* Sources */,
				9B5809942FB24C0400DF1553 /* Frameworks */,
				9B5809952FB24C0400DF1553 /* Resources */,
			);
			buildRules = (
			);
			dependencies = (
				9B5809992FB24C0400DF1553 /* PBXTargetDependency */,
			);
			fileSystemSynchronizedGroups = (
				9B58099A2FB24C0400DF1553 /* Stro SpeakTests */,
			);
			name = "Stro SpeakTests";
			packageProductDependencies = (
			);
			productName = "Stro SpeakTests";
			productReference = 9B5809972FB24C0400DF1553 /* Stro SpeakTests.xctest */;
			productType = "com.apple.product-type.bundle.unit-test";
		};
		9B5809A02FB24C0400DF1553 /* Stro SpeakUITests */ = {
			isa = PBXNativeTarget;
			buildConfigurationList = 9B5809B12FB24C0400DF1553 /* Build configuration list for PBXNativeTarget "Stro SpeakUITests" */;
			buildPhases = (
				9B58099D2FB24C0400DF1553 /* Sources */,
				9B58099E2FB24C0400DF1553 /* Frameworks */,
				9B58099F2FB24C0400DF1553 /* Resources */,
			);
			buildRules = (
			);
			dependencies = (
				9B5809A32FB24C0400DF1553 /* PBXTargetDependency */,
			);
			fileSystemSynchronizedGroups = (
				9B5809A42FB24C0400DF1553 /* Stro SpeakUITests */,
			);
			name = "Stro SpeakUITests";
			packageProductDependencies = (
			);
			productName = "Stro SpeakUITests";
			productReference = 9B5809A12FB24C0400DF1553 /* Stro SpeakUITests.xctest */;
			productType = "com.apple.product-type.bundle.ui-testing";
		};
/* End PBXNativeTarget section */

/* Begin PBXProject section */
		9B5809802FB24C0300DF1553 /* Project object */ = {
			isa = PBXProject;
			attributes = {
				BuildIndependentTargetsInParallel = 1;
				LastSwiftUpdateCheck = 2620;
				LastUpgradeCheck = 2620;
				TargetAttributes = {
					9B5809872FB24C0300DF1553 = {
						CreatedOnToolsVersion = 26.2;
					};
					9B5809962FB24C0400DF1553 = {
						CreatedOnToolsVersion = 26.2;
						TestTargetID = 9B5809872FB24C0300DF1553;
					};
					9B5809A02FB24C0400DF1553 = {
						CreatedOnToolsVersion = 26.2;
						TestTargetID = 9B5809872FB24C0300DF1553;
					};
				};
			};
			buildConfigurationList = 9B5809832FB24C0300DF1553 /* Build configuration list for PBXProject "Stro Speak" */;
			developmentRegion = en;
			hasScannedForEncodings = 0;
			knownRegions = (
				en,
				Base,
			);
			mainGroup = 9B58097F2FB24C0300DF1553;
			minimizedProjectReferenceProxies = 1;
			preferredProjectObjectVersion = 77;
			productRefGroup = 9B5809892FB24C0300DF1553 /* Products */;
			projectDirPath = "";
			projectRoot = "";
			targets = (
				9B5809872FB24C0300DF1553 /* Stro Speak */,
				9B5809962FB24C0400DF1553 /* Stro SpeakTests */,
				9B5809A02FB24C0400DF1553 /* Stro SpeakUITests */,
			);
		};
/* End PBXProject section */

/* Begin PBXResourcesBuildPhase section */
		9B5809862FB24C0300DF1553 /* Resources */ = {
			isa = PBXResourcesBuildPhase;
			buildActionMask = 2147483647;
			files = (
			);
			runOnlyForDeploymentPostprocessing = 0;
		};
		9B5809952FB24C0400DF1553 /* Resources */ = {
			isa = PBXResourcesBuildPhase;
			buildActionMask = 2147483647;
			files = (
			);
			runOnlyForDeploymentPostprocessing = 0;
		};
		9B58099F2FB24C0400DF1553 /* Resources */ = {
			isa = PBXResourcesBuildPhase;
			buildActionMask = 2147483647;
			files = (
			);
			runOnlyForDeploymentPostprocessing = 0;
		};
/* End PBXResourcesBuildPhase section */

/* Begin PBXSourcesBuildPhase section */
		9B5809842FB24C0300DF1553 /* Sources */ = {
			isa = PBXSourcesBuildPhase;
			buildActionMask = 2147483647;
			files = (
			);
			runOnlyForDeploymentPostprocessing = 0;
		};
		9B5809932FB24C0400DF1553 /* Sources */ = {
			isa = PBXSourcesBuildPhase;
			buildActionMask = 2147483647;
			files = (
			);
			runOnlyForDeploymentPostprocessing = 0;
		};
		9B58099D2FB24C0400DF1553 /* Sources */ = {
			isa = PBXSourcesBuildPhase;
			buildActionMask = 2147483647;
			files = (
			);
			runOnlyForDeploymentPostprocessing = 0;
		};
/* End PBXSourcesBuildPhase section */

/* Begin PBXTargetDependency section */
		9B5809992FB24C0400DF1553 /* PBXTargetDependency */ = {
			isa = PBXTargetDependency;
			target = 9B5809872FB24C0300DF1553 /* Stro Speak */;
			targetProxy = 9B5809982FB24C0400DF1553 /* PBXContainerItemProxy */;
		};
		9B5809A32FB24C0400DF1553 /* PBXTargetDependency */ = {
			isa = PBXTargetDependency;
			target = 9B5809872FB24C0300DF1553 /* Stro Speak */;
			targetProxy = 9B5809A22FB24C0400DF1553 /* PBXContainerItemProxy */;
		};
/* End PBXTargetDependency section */

/* Begin XCBuildConfiguration section */
		9B5809A92FB24C0400DF1553 /* Debug */ = {
			isa = XCBuildConfiguration;
			buildSettings = {
				ALWAYS_SEARCH_USER_PATHS = NO;
				ASSETCATALOG_COMPILER_GENERATE_SWIFT_ASSET_SYMBOL_EXTENSIONS = YES;
				CLANG_ANALYZER_NONNULL = YES;
				CLANG_ANALYZER_NUMBER_OBJECT_CONVERSION = YES_AGGRESSIVE;
				CLANG_CXX_LANGUAGE_STANDARD = "gnu++20";
				CLANG_ENABLE_MODULES = YES;
				CLANG_ENABLE_OBJC_ARC = YES;
				CLANG_ENABLE_OBJC_WEAK = YES;
				CLANG_WARN_BLOCK_CAPTURE_AUTORELEASING = YES;
				CLANG_WARN_BOOL_CONVERSION = YES;
				CLANG_WARN_COMMA = YES;
				CLANG_WARN_CONSTANT_CONVERSION = YES;
				CLANG_WARN_DEPRECATED_OBJC_IMPLEMENTATIONS = YES;
				CLANG_WARN_DIRECT_OBJC_ISA_USAGE = YES_ERROR;
				CLANG_WARN_DOCUMENTATION_COMMENTS = YES;
				CLANG_WARN_EMPTY_BODY = YES;
				CLANG_WARN_ENUM_CONVERSION = YES;
				CLANG_WARN_INFINITE_RECURSION = YES;
				CLANG_WARN_INT_CONVERSION = YES;
				CLANG_WARN_NON_LITERAL_NULL_CONVERSION = YES;
				CLANG_WARN_OBJC_IMPLICIT_RETAIN_SELF = YES;
				CLANG_WARN_OBJC_LITERAL_CONVERSION = YES;
				CLANG_WARN_OBJC_ROOT_CLASS = YES_ERROR;
				CLANG_WARN_QUOTED_INCLUDE_IN_FRAMEWORK_HEADER = YES;
				CLANG_WARN_RANGE_LOOP_ANALYSIS = YES;
				CLANG_WARN_STRICT_PROTOTYPES = YES;
				CLANG_WARN_SUSPICIOUS_MOVE = YES;
				CLANG_WARN_UNGUARDED_AVAILABILITY = YES_AGGRESSIVE;
				CLANG_WARN_UNREACHABLE_CODE = YES;
				CLANG_WARN__DUPLICATE_METHOD_MATCH = YES;
				COPY_PHASE_STRIP = NO;
				DEBUG_INFORMATION_FORMAT = dwarf;
				DEVELOPMENT_TEAM = 3UWZ5ZA4P5;
				ENABLE_STRICT_OBJC_MSGSEND = YES;
				ENABLE_TESTABILITY = YES;
				ENABLE_USER_SCRIPT_SANDBOXING = YES;
				GCC_C_LANGUAGE_STANDARD = gnu17;
				GCC_DYNAMIC_NO_PIC = NO;
				GCC_NO_COMMON_BLOCKS = YES;
				GCC_OPTIMIZATION_LEVEL = 0;
				GCC_PREPROCESSOR_DEFINITIONS = (
					"DEBUG=1",
					"$(inherited)",
				);
				GCC_WARN_64_TO_32_BIT_CONVERSION = YES;
				GCC_WARN_ABOUT_RETURN_TYPE = YES_ERROR;
				GCC_WARN_UNDECLARED_SELECTOR = YES;
				GCC_WARN_UNINITIALIZED_AUTOS = YES_AGGRESSIVE;
				GCC_WARN_UNUSED_FUNCTION = YES;
				GCC_WARN_UNUSED_VARIABLE = YES;
				LOCALIZATION_PREFERS_STRING_CATALOGS = YES;
				MACOSX_DEPLOYMENT_TARGET = 26.2;
				MTL_ENABLE_DEBUG_INFO = INCLUDE_SOURCE;
				MTL_FAST_MATH = YES;
				ONLY_ACTIVE_ARCH = YES;
				SDKROOT = macosx;
				SWIFT_ACTIVE_COMPILATION_CONDITIONS = "DEBUG $(inherited)";
				SWIFT_OPTIMIZATION_LEVEL = "-Onone";
			};
			name = Debug;
		};
		9B5809AA2FB24C0400DF1553 /* Release */ = {
			isa = XCBuildConfiguration;
			buildSettings = {
				ALWAYS_SEARCH_USER_PATHS = NO;
				ASSETCATALOG_COMPILER_GENERATE_SWIFT_ASSET_SYMBOL_EXTENSIONS = YES;
				CLANG_ANALYZER_NONNULL = YES;
				CLANG_ANALYZER_NUMBER_OBJECT_CONVERSION = YES_AGGRESSIVE;
				CLANG_CXX_LANGUAGE_STANDARD = "gnu++20";
				CLANG_ENABLE_MODULES = YES;
				CLANG_ENABLE_OBJC_ARC = YES;
				CLANG_ENABLE_OBJC_WEAK = YES;
				CLANG_WARN_BLOCK_CAPTURE_AUTORELEASING = YES;
				CLANG_WARN_BOOL_CONVERSION = YES;
				CLANG_WARN_COMMA = YES;
				CLANG_WARN_CONSTANT_CONVERSION = YES;
				CLANG_WARN_DEPRECATED_OBJC_IMPLEMENTATIONS = YES;
				CLANG_WARN_DIRECT_OBJC_ISA_USAGE = YES_ERROR;
				CLANG_WARN_DOCUMENTATION_COMMENTS = YES;
				CLANG_WARN_EMPTY_BODY = YES;
				CLANG_WARN_ENUM_CONVERSION = YES;
				CLANG_WARN_INFINITE_RECURSION = YES;
				CLANG_WARN_INT_CONVERSION = YES;
				CLANG_WARN_NON_LITERAL_NULL_CONVERSION = YES;
				CLANG_WARN_OBJC_IMPLICIT_RETAIN_SELF = YES;
				CLANG_WARN_OBJC_LITERAL_CONVERSION = YES;
				CLANG_WARN_OBJC_ROOT_CLASS = YES_ERROR;
				CLANG_WARN_QUOTED_INCLUDE_IN_FRAMEWORK_HEADER = YES;
				CLANG_WARN_RANGE_LOOP_ANALYSIS = YES;
				CLANG_WARN_STRICT_PROTOTYPES = YES;
				CLANG_WARN_SUSPICIOUS_MOVE = YES;
				CLANG_WARN_UNGUARDED_AVAILABILITY = YES_AGGRESSIVE;
				CLANG_WARN_UNREACHABLE_CODE = YES;
				CLANG_WARN__DUPLICATE_METHOD_MATCH = YES;
				COPY_PHASE_STRIP = NO;
				DEBUG_INFORMATION_FORMAT = "dwarf-with-dsym";
				DEVELOPMENT_TEAM = 3UWZ5ZA4P5;
				ENABLE_NS_ASSERTIONS = NO;
				ENABLE_STRICT_OBJC_MSGSEND = YES;
				ENABLE_USER_SCRIPT_SANDBOXING = YES;
				GCC_C_LANGUAGE_STANDARD = gnu17;
				GCC_NO_COMMON_BLOCKS = YES;
				GCC_WARN_64_TO_32_BIT_CONVERSION = YES;
				GCC_WARN_ABOUT_RETURN_TYPE = YES_ERROR;
				GCC_WARN_UNDECLARED_SELECTOR = YES;
				GCC_WARN_UNINITIALIZED_AUTOS = YES_AGGRESSIVE;
				GCC_WARN_UNUSED_FUNCTION = YES;
				GCC_WARN_UNUSED_VARIABLE = YES;
				LOCALIZATION_PREFERS_STRING_CATALOGS = YES;
				MACOSX_DEPLOYMENT_TARGET = 26.2;
				MTL_ENABLE_DEBUG_INFO = NO;
				MTL_FAST_MATH = YES;
				SDKROOT = macosx;
				SWIFT_COMPILATION_MODE = wholemodule;
			};
			name = Release;
		};
		9B5809AC2FB24C0400DF1553 /* Debug */ = {
			isa = XCBuildConfiguration;
			buildSettings = {
				ASSETCATALOG_COMPILER_APPICON_NAME = AppIcon;
				ASSETCATALOG_COMPILER_GLOBAL_ACCENT_COLOR_NAME = AccentColor;
				CODE_SIGN_ENTITLEMENTS = "Stro Speak/StroSpeak.entitlements";
				CODE_SIGN_STYLE = Automatic;
				COMBINE_HIDPI_IMAGES = YES;
				CURRENT_PROJECT_VERSION = 1;
				DEVELOPMENT_TEAM = 3UWZ5ZA4P5;
				ENABLE_APP_SANDBOX = NO;
				ENABLE_HARDENED_RUNTIME = YES;
				ENABLE_PREVIEWS = YES;
				ENABLE_USER_SELECTED_FILES = readonly;
				GENERATE_INFOPLIST_FILE = YES;
				INFOPLIST_KEY_CFBundleDisplayName = "Stro Speak";
				INFOPLIST_KEY_LSUIElement = YES;
				INFOPLIST_KEY_NSAccessibilityUsageDescription = "Stro Speak needs accessibility access to detect the text cursor position and paste transcribed text.";
				INFOPLIST_KEY_NSHumanReadableCopyright = "";
				INFOPLIST_KEY_NSMicrophoneUsageDescription = "Stro Speak needs microphone access to transcribe your speech.";
				INFOPLIST_KEY_NSSpeechRecognitionUsageDescription = "Stro Speak needs speech recognition to convert your voice to text.";
				LD_RUNPATH_SEARCH_PATHS = (
					"$(inherited)",
					"@executable_path/../Frameworks",
				);
				MARKETING_VERSION = 1.0;
				PRODUCT_BUNDLE_IDENTIFIER = "siro.company.Stro-Speak";
				PRODUCT_NAME = "$(TARGET_NAME)";
				REGISTER_APP_GROUPS = YES;
				STRING_CATALOG_GENERATE_SYMBOLS = YES;
				SWIFT_APPROACHABLE_CONCURRENCY = NO;
				SWIFT_EMIT_LOC_STRINGS = YES;
				SWIFT_STRICT_CONCURRENCY = minimal;
				SWIFT_UPCOMING_FEATURE_MEMBER_IMPORT_VISIBILITY = NO;
				SWIFT_VERSION = 5.0;
			};
			name = Debug;
		};
		9B5809AD2FB24C0400DF1553 /* Release */ = {
			isa = XCBuildConfiguration;
			buildSettings = {
				ASSETCATALOG_COMPILER_APPICON_NAME = AppIcon;
				ASSETCATALOG_COMPILER_GLOBAL_ACCENT_COLOR_NAME = AccentColor;
				CODE_SIGN_ENTITLEMENTS = "Stro Speak/StroSpeak.entitlements";
				CODE_SIGN_STYLE = Automatic;
				COMBINE_HIDPI_IMAGES = YES;
				CURRENT_PROJECT_VERSION = 1;
				DEVELOPMENT_TEAM = 3UWZ5ZA4P5;
				ENABLE_APP_SANDBOX = NO;
				ENABLE_HARDENED_RUNTIME = YES;
				ENABLE_PREVIEWS = YES;
				ENABLE_USER_SELECTED_FILES = readonly;
				GENERATE_INFOPLIST_FILE = YES;
				INFOPLIST_KEY_CFBundleDisplayName = "Stro Speak";
				INFOPLIST_KEY_LSUIElement = YES;
				INFOPLIST_KEY_NSAccessibilityUsageDescription = "Stro Speak needs accessibility access to detect the text cursor position and paste transcribed text.";
				INFOPLIST_KEY_NSHumanReadableCopyright = "";
				INFOPLIST_KEY_NSMicrophoneUsageDescription = "Stro Speak needs microphone access to transcribe your speech.";
				INFOPLIST_KEY_NSSpeechRecognitionUsageDescription = "Stro Speak needs speech recognition to convert your voice to text.";
				LD_RUNPATH_SEARCH_PATHS = (
					"$(inherited)",
					"@executable_path/../Frameworks",
				);
				MARKETING_VERSION = 1.0;
				PRODUCT_BUNDLE_IDENTIFIER = "siro.company.Stro-Speak";
				PRODUCT_NAME = "$(TARGET_NAME)";
				REGISTER_APP_GROUPS = YES;
				STRING_CATALOG_GENERATE_SYMBOLS = YES;
				SWIFT_APPROACHABLE_CONCURRENCY = NO;
				SWIFT_EMIT_LOC_STRINGS = YES;
				SWIFT_STRICT_CONCURRENCY = minimal;
				SWIFT_UPCOMING_FEATURE_MEMBER_IMPORT_VISIBILITY = NO;
				SWIFT_VERSION = 5.0;
			};
			name = Release;
		};
		9B5809AF2FB24C0400DF1553 /* Debug */ = {
			isa = XCBuildConfiguration;
			buildSettings = {
				BUNDLE_LOADER = "$(TEST_HOST)";
				CODE_SIGN_STYLE = Automatic;
				CURRENT_PROJECT_VERSION = 1;
				DEVELOPMENT_TEAM = 3UWZ5ZA4P5;
				GENERATE_INFOPLIST_FILE = YES;
				MACOSX_DEPLOYMENT_TARGET = 26.2;
				MARKETING_VERSION = 1.0;
				PRODUCT_BUNDLE_IDENTIFIER = "siro.company.Stro-SpeakTests";
				PRODUCT_NAME = "$(TARGET_NAME)";
				STRING_CATALOG_GENERATE_SYMBOLS = NO;
				SWIFT_APPROACHABLE_CONCURRENCY = YES;
				SWIFT_EMIT_LOC_STRINGS = NO;
				SWIFT_UPCOMING_FEATURE_MEMBER_IMPORT_VISIBILITY = YES;
				SWIFT_VERSION = 5.0;
				TEST_HOST = "$(BUILT_PRODUCTS_DIR)/Stro Speak.app/$(BUNDLE_EXECUTABLE_FOLDER_PATH)/Stro Speak";
			};
			name = Debug;
		};
		9B5809B02FB24C0400DF1553 /* Release */ = {
			isa = XCBuildConfiguration;
			buildSettings = {
				BUNDLE_LOADER = "$(TEST_HOST)";
				CODE_SIGN_STYLE = Automatic;
				CURRENT_PROJECT_VERSION = 1;
				DEVELOPMENT_TEAM = 3UWZ5ZA4P5;
				GENERATE_INFOPLIST_FILE = YES;
				MACOSX_DEPLOYMENT_TARGET = 26.2;
				MARKETING_VERSION = 1.0;
				PRODUCT_BUNDLE_IDENTIFIER = "siro.company.Stro-SpeakTests";
				PRODUCT_NAME = "$(TARGET_NAME)";
				STRING_CATALOG_GENERATE_SYMBOLS = NO;
				SWIFT_APPROACHABLE_CONCURRENCY = YES;
				SWIFT_EMIT_LOC_STRINGS = NO;
				SWIFT_UPCOMING_FEATURE_MEMBER_IMPORT_VISIBILITY = YES;
				SWIFT_VERSION = 5.0;
				TEST_HOST = "$(BUILT_PRODUCTS_DIR)/Stro Speak.app/$(BUNDLE_EXECUTABLE_FOLDER_PATH)/Stro Speak";
			};
			name = Release;
		};
		9B5809B22FB24C0400DF1553 /* Debug */ = {
			isa = XCBuildConfiguration;
			buildSettings = {
				CODE_SIGN_STYLE = Automatic;
				CURRENT_PROJECT_VERSION = 1;
				DEVELOPMENT_TEAM = 3UWZ5ZA4P5;
				GENERATE_INFOPLIST_FILE = YES;
				MARKETING_VERSION = 1.0;
				PRODUCT_BUNDLE_IDENTIFIER = "siro.company.Stro-SpeakUITests";
				PRODUCT_NAME = "$(TARGET_NAME)";
				STRING_CATALOG_GENERATE_SYMBOLS = NO;
				SWIFT_APPROACHABLE_CONCURRENCY = YES;
				SWIFT_EMIT_LOC_STRINGS = NO;
				SWIFT_UPCOMING_FEATURE_MEMBER_IMPORT_VISIBILITY = YES;
				SWIFT_VERSION = 5.0;
				TEST_TARGET_NAME = "Stro Speak";
			};
			name = Debug;
		};
		9B5809B32FB24C0400DF1553 /* Release */ = {
			isa = XCBuildConfiguration;
			buildSettings = {
				CODE_SIGN_STYLE = Automatic;
				CURRENT_PROJECT_VERSION = 1;
				DEVELOPMENT_TEAM = 3UWZ5ZA4P5;
				GENERATE_INFOPLIST_FILE = YES;
				MARKETING_VERSION = 1.0;
				PRODUCT_BUNDLE_IDENTIFIER = "siro.company.Stro-SpeakUITests";
				PRODUCT_NAME = "$(TARGET_NAME)";
				STRING_CATALOG_GENERATE_SYMBOLS = NO;
				SWIFT_APPROACHABLE_CONCURRENCY = YES;
				SWIFT_EMIT_LOC_STRINGS = NO;
				SWIFT_UPCOMING_FEATURE_MEMBER_IMPORT_VISIBILITY = YES;
				SWIFT_VERSION = 5.0;
				TEST_TARGET_NAME = "Stro Speak";
			};
			name = Release;
		};
/* End XCBuildConfiguration section */

/* Begin XCConfigurationList section */
		9B5809832FB24C0300DF1553 /* Build configuration list for PBXProject "Stro Speak" */ = {
			isa = XCConfigurationList;
			buildConfigurations = (
				9B5809A92FB24C0400DF1553 /* Debug */,
				9B5809AA2FB24C0400DF1553 /* Release */,
			);
			defaultConfigurationIsVisible = 0;
			defaultConfigurationName = Release;
		};
		9B5809AB2FB24C0400DF1553 /* Build configuration list for PBXNativeTarget "Stro Speak" */ = {
			isa = XCConfigurationList;
			buildConfigurations = (
				9B5809AC2FB24C0400DF1553 /* Debug */,
				9B5809AD2FB24C0400DF1553 /* Release */,
			);
			defaultConfigurationIsVisible = 0;
			defaultConfigurationName = Release;
		};
		9B5809AE2FB24C0400DF1553 /* Build configuration list for PBXNativeTarget "Stro SpeakTests" */ = {
			isa = XCConfigurationList;
			buildConfigurations = (
				9B5809AF2FB24C0400DF1553 /* Debug */,
				9B5809B02FB24C0400DF1553 /* Release */,
			);
			defaultConfigurationIsVisible = 0;
			defaultConfigurationName = Release;
		};
		9B5809B12FB24C0400DF1553 /* Build configuration list for PBXNativeTarget "Stro SpeakUITests" */ = {
			isa = XCConfigurationList;
			buildConfigurations = (
				9B5809B22FB24C0400DF1553 /* Debug */,
				9B5809B32FB24C0400DF1553 /* Release */,
			);
			defaultConfigurationIsVisible = 0;
			defaultConfigurationName = Release;
		};
/* End XCConfigurationList section */
	};
	rootObject = 9B5809802FB24C0300DF1553 /* Project object */;
}
